
Microsoft Visual Studio Solution File, Format Version 12.00
# Visual Studio Version 16
VisualStudioVersion = 16.0.29728.190
MinimumVisualStudioVersion = 10.0.40219.1
Project("{FAE04EC0-301F-11D3-BF4B-00C04F79EFBC}") = "DinosaursRobots", "DinosaursRobots\DinosaursRobots.csproj", "{F27AB78A-839E-4143-9B0E-86431FFC9C1E}"
EndProject
Global
	GlobalSection(SolutionConfigurationPlatforms) = preSolution
		Debug|Any CPU = Debug|Any CPU
		Release|Any CPU = Release|Any CPU
	EndGlobalSection
	GlobalSection(ProjectConfigurationPlatforms) = postSolution
		{F27AB78A-839E-4143-9B0E-86431FFC9C1E}.Debug|Any CPU.ActiveCfg = Debug|Any CPU
		{F27AB78A-839E-4143-9B0E-86431FFC9C1E}.Debug|Any CPU.Build.0 = Debug|Any CPU
		{F27AB78A-839E-4143-9B0E-86431FFC9C1E}.Release|Any CPU.ActiveCfg = Release|Any CPU
		{F27AB78A-839E-4143-9B0E-86431FFC9C1E}.Release|Any CPU.Build.0 = Release|Any CPU
	EndGlobalSection
	GlobalSection(SolutionProperties) = preSolution
		HideSolutionNode = FALSE
	EndGlobalSection
	GlobalSection(ExtensibilityGlobals) = postSolution
		SolutionGuid = {17ED4950-F3BD-44EF-917C-1C68170882F9}
	EndGlobalSection
EndGlobal
